<?xml version="1.0" encoding="utf-8"?>
<Project ToolsVersion="4.0" xmlns="http://schemas.microsoft.com/developer/msbuild/2003">
  <ItemGroup>
    <Filter Include="源文件">
      <UniqueIdentifier>{4FC737F1-C7A5-4376-A066-2A32D752A2FF}</UniqueIdentifier>
      <Extensions>cpp;c;cc;cxx;c++;cppm;ixx;def;odl;idl;hpj;bat;asm;asmx</Extensions>
    </Filter>
    <Filter Include="头文件">
      <UniqueIdentifier>{93995380-89BD-4b04-88EB-625FBE52EBFB}</UniqueIdentifier>
      <Extensions>h;hh;hpp;hxx;h++;hm;inl;inc;ipp;xsd</Extensions>
    </Filter>
    <Filter Include="资源文件">
      <UniqueIdentifier>{67DA6AB6-F800-4c08-8B7A-83BB121AAD01}</UniqueIdentifier>
      <Extensions>rc;ico;cur;bmp;dlg;rc2;rct;bin;rgs;gif;jpg;jpeg;jpe;resx;tiff;tif;png;wav;mfcribbon-ms</Extensions>
    </Filter>
  </ItemGroup>
  <ItemGroup>
    <ClInclude Include="utils.h">
      <Filter>头文件</Filter>
    </ClInclude>
    <ClInclude Include="resource.h">
      <Filter>头文件</Filter>
    </ClInclude>
    <ClInclude Include="env.h">
      <Filter>头文件</Filter>
    </ClInclude>
    <ClInclude Include="archive.h">
      <Filter>头文件</Filter>
    </ClInclude>
    <ClInclude Include="zlib-1.2.11\crc32.h">
      <Filter>头文件</Filter>
    </ClInclude>
    <ClInclude Include="zlib-1.2.11\deflate.h">
      <Filter>头文件</Filter>
    </ClInclude>
    <ClInclude Include="zlib-1.2.11\gzguts.h">
      <Filter>头文件</Filter>
    </ClInclude>
    <ClInclude Include="zlib-1.2.11\inffast.h">
      <Filter>头文件</Filter>
    </ClInclude>
    <ClInclude Include="zlib-1.2.11\inffixed.h">
      <Filter>头文件</Filter>
    </ClInclude>
    <ClInclude Include="zlib-1.2.11\inflate.h">
      <Filter>头文件</Filter>
    </ClInclude>
    <ClInclude Include="zlib-1.2.11\inftrees.h">
      <Filter>头文件</Filter>
    </ClInclude>
    <ClInclude Include="zlib-1.2.11\trees.h">
      <Filter>头文件</Filter>
    </ClInclude>
    <ClInclude Include="zlib-1.2.11\zconf.h">
      <Filter>头文件</Filter>
    </ClInclude>
    <ClInclude Include="zlib-1.2.11\zlib.h">
      <Filter>头文件</Filter>
    </ClInclude>
    <ClInclude Include="zlib-1.2.11\zutil.h">
      <Filter>头文件</Filter>
    </ClInclude>
    <ClInclude Include="cJSON-1.7.14\cJSON.h">
      <Filter>头文件</Filter>
    </ClInclude>
    <ClInclude Include="cJSON-1.7.14\cJSON_Utils.h">
      <Filter>头文件</Filter>
    </ClInclude>
    <ClInclude Include="wingetopt-0.95\getopt.h">
      <Filter>头文件</Filter>
    </ClInclude>
    <ClInclude Include="dir_utils.h">
      <Filter>头文件</Filter>
    </ClInclude>
    <ClInclude Include="wrapper.h">
      <Filter>头文件</Filter>
    </ClInclude>
    <ClInclude Include="project.h">
      <Filter>头文件</Filter>
    </ClInclude>
    <ClInclude Include="magic.h">
      <Filter>头文件</Filter>
    </ClInclude>
    <ClInclude Include="openssl-1.1.1k\crypto\aes\aes_local.h">
      <Filter>头文件</Filter>
    </ClInclude>
    <ClInclude Include="openssl-1.1.1k\crypto\asn1\asn1_item_list.h">
      <Filter>头文件</Filter>
    </ClInclude>
    <ClInclude Include="openssl-1.1.1k\crypto\asn1\asn1_local.h">
      <Filter>头文件</Filter>
    </ClInclude>
    <ClInclude Include="openssl-1.1.1k\crypto\asn1\charmap.h">
      <Filter>头文件</Filter>
    </ClInclude>
    <ClInclude Include="openssl-1.1.1k\crypto\asn1\standard_methods.h">
      <Filter>头文件</Filter>
    </ClInclude>
    <ClInclude Include="openssl-1.1.1k\crypto\asn1\tbl_standard.h">
      <Filter>头文件</Filter>
    </ClInclude>
    <ClInclude Include="openssl-1.1.1k\crypto\async\arch\async_null.h">
      <Filter>头文件</Filter>
    </ClInclude>
    <ClInclude Include="openssl-1.1.1k\crypto\async\arch\async_posix.h">
      <Filter>头文件</Filter>
    </ClInclude>
    <ClInclude Include="openssl-1.1.1k\crypto\async\arch\async_win.h">
      <Filter>头文件</Filter>
    </ClInclude>
    <ClInclude Include="openssl-1.1.1k\crypto\async\async_local.h">
      <Filter>头文件</Filter>
    </ClInclude>
    <ClInclude Include="openssl-1.1.1k\crypto\bf\bf_local.h">
      <Filter>头文件</Filter>
    </ClInclude>
    <ClInclude Include="openssl-1.1.1k\crypto\bf\bf_pi.h">
      <Filter>头文件</Filter>
    </ClInclude>
    <ClInclude Include="openssl-1.1.1k\crypto\bio\bio_local.h">
      <Filter>头文件</Filter>
    </ClInclude>
    <ClInclude Include="openssl-1.1.1k\crypto\blake2\blake2_impl.h">
      <Filter>头文件</Filter>
    </ClInclude>
    <ClInclude Include="openssl-1.1.1k\crypto\blake2\blake2_local.h">
      <Filter>头文件</Filter>
    </ClInclude>
    <ClInclude Include="openssl-1.1.1k\crypto\bn\bn_local.h">
      <Filter>头文件</Filter>
    </ClInclude>
    <ClInclude Include="openssl-1.1.1k\crypto\bn\bn_prime.h">
      <Filter>头文件</Filter>
    </ClInclude>
    <ClInclude Include="openssl-1.1.1k\crypto\bn\rsaz_exp.h">
      <Filter>头文件</Filter>
    </ClInclude>
    <ClInclude Include="openssl-1.1.1k\crypto\camellia\cmll_local.h">
      <Filter>头文件</Filter>
    </ClInclude>
    <ClInclude Include="openssl-1.1.1k\crypto\cast\cast_local.h">
      <Filter>头文件</Filter>
    </ClInclude>
    <ClInclude Include="openssl-1.1.1k\crypto\cast\cast_s.h">
      <Filter>头文件</Filter>
    </ClInclude>
    <ClInclude Include="openssl-1.1.1k\crypto\cms\cms_local.h">
      <Filter>头文件</Filter>
    </ClInclude>
    <ClInclude Include="openssl-1.1.1k\crypto\comp\comp_local.h">
      <Filter>头文件</Filter>
    </ClInclude>
    <ClInclude Include="openssl-1.1.1k\crypto\conf\conf_def.h">
      <Filter>头文件</Filter>
    </ClInclude>
    <ClInclude Include="openssl-1.1.1k\crypto\conf\conf_local.h">
      <Filter>头文件</Filter>
    </ClInclude>
    <ClInclude Include="openssl-1.1.1k\crypto\ct\ct_local.h">
      <Filter>头文件</Filter>
    </ClInclude>
    <ClInclude Include="openssl-1.1.1k\crypto\des\des_local.h">
      <Filter>头文件</Filter>
    </ClInclude>
    <ClInclude Include="openssl-1.1.1k\crypto\des\spr.h">
      <Filter>头文件</Filter>
    </ClInclude>
    <ClInclude Include="openssl-1.1.1k\crypto\dh\dh_local.h">
      <Filter>头文件</Filter>
    </ClInclude>
    <ClInclude Include="openssl-1.1.1k\crypto\dsa\dsa_local.h">
      <Filter>头文件</Filter>
    </ClInclude>
    <ClInclude Include="openssl-1.1.1k\crypto\dso\dso_local.h">
      <Filter>头文件</Filter>
    </ClInclude>
    <ClInclude Include="openssl-1.1.1k\crypto\ec\curve448\arch_32\arch_intrinsics.h">
      <Filter>头文件</Filter>
    </ClInclude>
    <ClInclude Include="openssl-1.1.1k\crypto\ec\curve448\arch_32\f_impl.h">
      <Filter>头文件</Filter>
    </ClInclude>
    <ClInclude Include="openssl-1.1.1k\crypto\ec\curve448\curve448_local.h">
      <Filter>头文件</Filter>
    </ClInclude>
    <ClInclude Include="openssl-1.1.1k\crypto\ec\curve448\curve448utils.h">
      <Filter>头文件</Filter>
    </ClInclude>
    <ClInclude Include="openssl-1.1.1k\crypto\ec\curve448\ed448.h">
      <Filter>头文件</Filter>
    </ClInclude>
    <ClInclude Include="openssl-1.1.1k\crypto\ec\curve448\field.h">
      <Filter>头文件</Filter>
    </ClInclude>
    <ClInclude Include="openssl-1.1.1k\crypto\ec\curve448\point_448.h">
      <Filter>头文件</Filter>
    </ClInclude>
    <ClInclude Include="openssl-1.1.1k\crypto\ec\curve448\word.h">
      <Filter>头文件</Filter>
    </ClInclude>
    <ClInclude Include="openssl-1.1.1k\crypto\ec\ec_local.h">
      <Filter>头文件</Filter>
    </ClInclude>
    <ClInclude Include="openssl-1.1.1k\crypto\engine\eng_local.h">
      <Filter>头文件</Filter>
    </ClInclude>
    <ClInclude Include="openssl-1.1.1k\crypto\evp\evp_local.h">
      <Filter>头文件</Filter>
    </ClInclude>
    <ClInclude Include="openssl-1.1.1k\crypto\hmac\hmac_local.h">
      <Filter>头文件</Filter>
    </ClInclude>
    <ClInclude Include="openssl-1.1.1k\crypto\idea\idea_local.h">
      <Filter>头文件</Filter>
    </ClInclude>
    <ClInclude Include="openssl-1.1.1k\crypto\lhash\lhash_local.h">
      <Filter>头文件</Filter>
    </ClInclude>
    <ClInclude Include="openssl-1.1.1k\crypto\md4\md4_local.h">
      <Filter>头文件</Filter>
    </ClInclude>
    <ClInclude Include="openssl-1.1.1k\crypto\md5\md5_local.h">
      <Filter>头文件</Filter>
    </ClInclude>
    <ClInclude Include="openssl-1.1.1k\crypto\modes\modes_local.h">
      <Filter>头文件</Filter>
    </ClInclude>
    <ClInclude Include="openssl-1.1.1k\crypto\objects\obj_dat.h">
      <Filter>头文件</Filter>
    </ClInclude>
    <ClInclude Include="openssl-1.1.1k\crypto\objects\obj_local.h">
      <Filter>头文件</Filter>
    </ClInclude>
    <ClInclude Include="openssl-1.1.1k\crypto\objects\obj_xref.h">
      <Filter>头文件</Filter>
    </ClInclude>
    <ClInclude Include="openssl-1.1.1k\crypto\ocsp\ocsp_local.h">
      <Filter>头文件</Filter>
    </ClInclude>
    <ClInclude Include="openssl-1.1.1k\crypto\pkcs12\p12_local.h">
      <Filter>头文件</Filter>
    </ClInclude>
    <ClInclude Include="openssl-1.1.1k\crypto\poly1305\poly1305_local.h">
      <Filter>头文件</Filter>
    </ClInclude>
    <ClInclude Include="openssl-1.1.1k\crypto\rand\rand_local.h">
      <Filter>头文件</Filter>
    </ClInclude>
    <ClInclude Include="openssl-1.1.1k\crypto\rc2\rc2_local.h">
      <Filter>头文件</Filter>
    </ClInclude>
    <ClInclude Include="openssl-1.1.1k\crypto\rc4\rc4_local.h">
      <Filter>头文件</Filter>
    </ClInclude>
    <ClInclude Include="openssl-1.1.1k\crypto\rc5\rc5_local.h">
      <Filter>头文件</Filter>
    </ClInclude>
    <ClInclude Include="openssl-1.1.1k\crypto\ripemd\rmd_local.h">
      <Filter>头文件</Filter>
    </ClInclude>
    <ClInclude Include="openssl-1.1.1k\crypto\ripemd\rmdconst.h">
      <Filter>头文件</Filter>
    </ClInclude>
    <ClInclude Include="openssl-1.1.1k\crypto\rsa\rsa_local.h">
      <Filter>头文件</Filter>
    </ClInclude>
    <ClInclude Include="openssl-1.1.1k\crypto\seed\seed_local.h">
      <Filter>头文件</Filter>
    </ClInclude>
    <ClInclude Include="openssl-1.1.1k\crypto\sha\sha_local.h">
      <Filter>头文件</Filter>
    </ClInclude>
    <ClInclude Include="openssl-1.1.1k\crypto\siphash\siphash_local.h">
      <Filter>头文件</Filter>
    </ClInclude>
    <ClInclude Include="openssl-1.1.1k\crypto\sm3\sm3_local.h">
      <Filter>头文件</Filter>
    </ClInclude>
    <ClInclude Include="openssl-1.1.1k\crypto\store\store_local.h">
      <Filter>头文件</Filter>
    </ClInclude>
    <ClInclude Include="openssl-1.1.1k\crypto\ts\ts_local.h">
      <Filter>头文件</Filter>
    </ClInclude>
    <ClInclude Include="openssl-1.1.1k\crypto\ui\ui_local.h">
      <Filter>头文件</Filter>
    </ClInclude>
    <ClInclude Include="openssl-1.1.1k\crypto\whrlpool\wp_local.h">
      <Filter>头文件</Filter>
    </ClInclude>
    <ClInclude Include="openssl-1.1.1k\crypto\x509\x509_local.h">
      <Filter>头文件</Filter>
    </ClInclude>
    <ClInclude Include="openssl-1.1.1k\crypto\x509v3\ext_dat.h">
      <Filter>头文件</Filter>
    </ClInclude>
    <ClInclude Include="openssl-1.1.1k\crypto\x509v3\pcy_local.h">
      <Filter>头文件</Filter>
    </ClInclude>
    <ClInclude Include="openssl-1.1.1k\crypto\x509v3\standard_exts.h">
      <Filter>头文件</Filter>
    </ClInclude>
    <ClInclude Include="openssl-1.1.1k\crypto\x509v3\v3_admis.h">
      <Filter>头文件</Filter>
    </ClInclude>
    <ClInclude Include="openssl-1.1.1k\crypto\arm_arch.h">
      <Filter>头文件</Filter>
    </ClInclude>
    <ClInclude Include="openssl-1.1.1k\crypto\mips_arch.h">
      <Filter>头文件</Filter>
    </ClInclude>
    <ClInclude Include="openssl-1.1.1k\crypto\ppc_arch.h">
      <Filter>头文件</Filter>
    </ClInclude>
    <ClInclude Include="openssl-1.1.1k\crypto\s390x_arch.h">
      <Filter>头文件</Filter>
    </ClInclude>
    <ClInclude Include="openssl-1.1.1k\crypto\sparc_arch.h">
      <Filter>头文件</Filter>
    </ClInclude>
    <ClInclude Include="openssl-1.1.1k\crypto\vms_rms.h">
      <Filter>头文件</Filter>
    </ClInclude>
    <ClInclude Include="openssl-1.1.1k\engines\e_afalg.h">
      <Filter>头文件</Filter>
    </ClInclude>
    <ClInclude Include="openssl-1.1.1k\engines\e_afalg_err.h">
      <Filter>头文件</Filter>
    </ClInclude>
    <ClInclude Include="openssl-1.1.1k\engines\e_capi_err.h">
      <Filter>头文件</Filter>
    </ClInclude>
    <ClInclude Include="openssl-1.1.1k\engines\e_dasync_err.h">
      <Filter>头文件</Filter>
    </ClInclude>
    <ClInclude Include="openssl-1.1.1k\engines\e_ossltest_err.h">
      <Filter>头文件</Filter>
    </ClInclude>
    <ClInclude Include="openssl-1.1.1k\fuzz\fuzzer.h">
      <Filter>头文件</Filter>
    </ClInclude>
    <ClInclude Include="openssl-1.1.1k\include\crypto\__DECC_INCLUDE_EPILOGUE.H">
      <Filter>头文件</Filter>
    </ClInclude>
    <ClInclude Include="openssl-1.1.1k\include\crypto\__DECC_INCLUDE_PROLOGUE.H">
      <Filter>头文件</Filter>
    </ClInclude>
    <ClInclude Include="openssl-1.1.1k\include\crypto\aria.h">
      <Filter>头文件</Filter>
    </ClInclude>
    <ClInclude Include="openssl-1.1.1k\include\crypto\asn1.h">
      <Filter>头文件</Filter>
    </ClInclude>
    <ClInclude Include="openssl-1.1.1k\include\crypto\async.h">
      <Filter>头文件</Filter>
    </ClInclude>
    <ClInclude Include="openssl-1.1.1k\include\crypto\bn.h">
      <Filter>头文件</Filter>
    </ClInclude>
    <ClInclude Include="openssl-1.1.1k\include\crypto\bn_dh.h">
      <Filter>头文件</Filter>
    </ClInclude>
    <ClInclude Include="openssl-1.1.1k\include\crypto\bn_srp.h">
      <Filter>头文件</Filter>
    </ClInclude>
    <ClInclude Include="openssl-1.1.1k\include\crypto\chacha.h">
      <Filter>头文件</Filter>
    </ClInclude>
    <ClInclude Include="openssl-1.1.1k\include\crypto\cryptlib.h">
      <Filter>头文件</Filter>
    </ClInclude>
    <ClInclude Include="openssl-1.1.1k\include\crypto\ctype.h">
      <Filter>头文件</Filter>
    </ClInclude>
    <ClInclude Include="openssl-1.1.1k\include\crypto\ec.h">
      <Filter>头文件</Filter>
    </ClInclude>
    <ClInclude Include="openssl-1.1.1k\include\crypto\engine.h">
      <Filter>头文件</Filter>
    </ClInclude>
    <ClInclude Include="openssl-1.1.1k\include\crypto\err.h">
      <Filter>头文件</Filter>
    </ClInclude>
    <ClInclude Include="openssl-1.1.1k\include\crypto\evp.h">
      <Filter>头文件</Filter>
    </ClInclude>
    <ClInclude Include="openssl-1.1.1k\include\crypto\lhash.h">
      <Filter>头文件</Filter>
    </ClInclude>
    <ClInclude Include="openssl-1.1.1k\include\crypto\md32_common.h">
      <Filter>头文件</Filter>
    </ClInclude>
    <ClInclude Include="openssl-1.1.1k\include\crypto\objects.h">
      <Filter>头文件</Filter>
    </ClInclude>
    <ClInclude Include="openssl-1.1.1k\include\crypto\poly1305.h">
      <Filter>头文件</Filter>
    </ClInclude>
    <ClInclude Include="openssl-1.1.1k\include\crypto\rand.h">
      <Filter>头文件</Filter>
    </ClInclude>
    <ClInclude Include="openssl-1.1.1k\include\crypto\sha.h">
      <Filter>头文件</Filter>
    </ClInclude>
    <ClInclude Include="openssl-1.1.1k\include\crypto\siphash.h">
      <Filter>头文件</Filter>
    </ClInclude>
    <ClInclude Include="openssl-1.1.1k\include\crypto\sm2.h">
      <Filter>头文件</Filter>
    </ClInclude>
    <ClInclude Include="openssl-1.1.1k\include\crypto\sm2err.h">
      <Filter>头文件</Filter>
    </ClInclude>
    <ClInclude Include="openssl-1.1.1k\include\crypto\sm3.h">
      <Filter>头文件</Filter>
    </ClInclude>
    <ClInclude Include="openssl-1.1.1k\include\crypto\sm4.h">
      <Filter>头文件</Filter>
    </ClInclude>
    <ClInclude Include="openssl-1.1.1k\include\crypto\store.h">
      <Filter>头文件</Filter>
    </ClInclude>
    <ClInclude Include="openssl-1.1.1k\include\crypto\x509.h">
      <Filter>头文件</Filter>
    </ClInclude>
    <ClInclude Include="openssl-1.1.1k\include\internal\__DECC_INCLUDE_EPILOGUE.H">
      <Filter>头文件</Filter>
    </ClInclude>
    <ClInclude Include="openssl-1.1.1k\include\internal\__DECC_INCLUDE_PROLOGUE.H">
      <Filter>头文件</Filter>
    </ClInclude>
    <ClInclude Include="openssl-1.1.1k\include\internal\bio.h">
      <Filter>头文件</Filter>
    </ClInclude>
    <ClInclude Include="openssl-1.1.1k\include\internal\comp.h">
      <Filter>头文件</Filter>
    </ClInclude>
    <ClInclude Include="openssl-1.1.1k\include\internal\conf.h">
      <Filter>头文件</Filter>
    </ClInclude>
    <ClInclude Include="openssl-1.1.1k\include\internal\constant_time.h">
      <Filter>头文件</Filter>
    </ClInclude>
    <ClInclude Include="openssl-1.1.1k\include\internal\cryptlib.h">
      <Filter>头文件</Filter>
    </ClInclude>
    <ClInclude Include="openssl-1.1.1k\include\internal\dane.h">
      <Filter>头文件</Filter>
    </ClInclude>
    <ClInclude Include="openssl-1.1.1k\include\internal\dso.h">
      <Filter>头文件</Filter>
    </ClInclude>
    <ClInclude Include="openssl-1.1.1k\include\internal\dsoerr.h">
      <Filter>头文件</Filter>
    </ClInclude>
    <ClInclude Include="openssl-1.1.1k\include\internal\err.h">
      <Filter>头文件</Filter>
    </ClInclude>
    <ClInclude Include="openssl-1.1.1k\include\internal\nelem.h">
      <Filter>头文件</Filter>
    </ClInclude>
    <ClInclude Include="openssl-1.1.1k\include\internal\numbers.h">
      <Filter>头文件</Filter>
    </ClInclude>
    <ClInclude Include="openssl-1.1.1k\include\internal\o_dir.h">
      <Filter>头文件</Filter>
    </ClInclude>
    <ClInclude Include="openssl-1.1.1k\include\internal\o_str.h">
      <Filter>头文件</Filter>
    </ClInclude>
    <ClInclude Include="openssl-1.1.1k\include\internal\refcount.h">
      <Filter>头文件</Filter>
    </ClInclude>
    <ClInclude Include="openssl-1.1.1k\include\internal\sockets.h">
      <Filter>头文件</Filter>
    </ClInclude>
    <ClInclude Include="openssl-1.1.1k\include\internal\sslconf.h">
      <Filter>头文件</Filter>
    </ClInclude>
    <ClInclude Include="openssl-1.1.1k\include\internal\thread_once.h">
      <Filter>头文件</Filter>
    </ClInclude>
    <ClInclude Include="openssl-1.1.1k\include\internal\tsan_assist.h">
      <Filter>头文件</Filter>
    </ClInclude>
    <ClInclude Include="openssl-1.1.1k\include\openssl\__DECC_INCLUDE_EPILOGUE.H">
      <Filter>头文件</Filter>
    </ClInclude>
    <ClInclude Include="openssl-1.1.1k\include\openssl\__DECC_INCLUDE_PROLOGUE.H">
      <Filter>头文件</Filter>
    </ClInclude>
    <ClInclude Include="openssl-1.1.1k\include\openssl\aes.h">
      <Filter>头文件</Filter>
    </ClInclude>
    <ClInclude Include="openssl-1.1.1k\include\openssl\asn1.h">
      <Filter>头文件</Filter>
    </ClInclude>
    <ClInclude Include="openssl-1.1.1k\include\openssl\asn1_mac.h">
      <Filter>头文件</Filter>
    </ClInclude>
    <ClInclude Include="openssl-1.1.1k\include\openssl\asn1err.h">
      <Filter>头文件</Filter>
    </ClInclude>
    <ClInclude Include="openssl-1.1.1k\include\openssl\asn1t.h">
      <Filter>头文件</Filter>
    </ClInclude>
    <ClInclude Include="openssl-1.1.1k\include\openssl\async.h">
      <Filter>头文件</Filter>
    </ClInclude>
    <ClInclude Include="openssl-1.1.1k\include\openssl\asyncerr.h">
      <Filter>头文件</Filter>
    </ClInclude>
    <ClInclude Include="openssl-1.1.1k\include\openssl\bio.h">
      <Filter>头文件</Filter>
    </ClInclude>
    <ClInclude Include="openssl-1.1.1k\include\openssl\bioerr.h">
      <Filter>头文件</Filter>
    </ClInclude>
    <ClInclude Include="openssl-1.1.1k\include\openssl\blowfish.h">
      <Filter>头文件</Filter>
    </ClInclude>
    <ClInclude Include="openssl-1.1.1k\include\openssl\bn.h">
      <Filter>头文件</Filter>
    </ClInclude>
    <ClInclude Include="openssl-1.1.1k\include\openssl\bnerr.h">
      <Filter>头文件</Filter>
    </ClInclude>
    <ClInclude Include="openssl-1.1.1k\include\openssl\buffer.h">
      <Filter>头文件</Filter>
    </ClInclude>
    <ClInclude Include="openssl-1.1.1k\include\openssl\buffererr.h">
      <Filter>头文件</Filter>
    </ClInclude>
    <ClInclude Include="openssl-1.1.1k\include\openssl\camellia.h">
      <Filter>头文件</Filter>
    </ClInclude>
    <ClInclude Include="openssl-1.1.1k\include\openssl\cast.h">
      <Filter>头文件</Filter>
    </ClInclude>
    <ClInclude Include="openssl-1.1.1k\include\openssl\cmac.h">
      <Filter>头文件</Filter>
    </ClInclude>
    <ClInclude Include="openssl-1.1.1k\include\openssl\cms.h">
      <Filter>头文件</Filter>
    </ClInclude>
    <ClInclude Include="openssl-1.1.1k\include\openssl\cmserr.h">
      <Filter>头文件</Filter>
    </ClInclude>
    <ClInclude Include="openssl-1.1.1k\include\openssl\comp.h">
      <Filter>头文件</Filter>
    </ClInclude>
    <ClInclude Include="openssl-1.1.1k\include\openssl\comperr.h">
      <Filter>头文件</Filter>
    </ClInclude>
    <ClInclude Include="openssl-1.1.1k\include\openssl\conf.h">
      <Filter>头文件</Filter>
    </ClInclude>
    <ClInclude Include="openssl-1.1.1k\include\openssl\conf_api.h">
      <Filter>头文件</Filter>
    </ClInclude>
    <ClInclude Include="openssl-1.1.1k\include\openssl\conferr.h">
      <Filter>头文件</Filter>
    </ClInclude>
    <ClInclude Include="openssl-1.1.1k\include\openssl\crypto.h">
      <Filter>头文件</Filter>
    </ClInclude>
    <ClInclude Include="openssl-1.1.1k\include\openssl\cryptoerr.h">
      <Filter>头文件</Filter>
    </ClInclude>
    <ClInclude Include="openssl-1.1.1k\include\openssl\ct.h">
      <Filter>头文件</Filter>
    </ClInclude>
    <ClInclude Include="openssl-1.1.1k\include\openssl\cterr.h">
      <Filter>头文件</Filter>
    </ClInclude>
    <ClInclude Include="openssl-1.1.1k\include\openssl\des.h">
      <Filter>头文件</Filter>
    </ClInclude>
    <ClInclude Include="openssl-1.1.1k\include\openssl\dh.h">
      <Filter>头文件</Filter>
    </ClInclude>
    <ClInclude Include="openssl-1.1.1k\include\openssl\dherr.h">
      <Filter>头文件</Filter>
    </ClInclude>
    <ClInclude Include="openssl-1.1.1k\include\openssl\dsa.h">
      <Filter>头文件</Filter>
    </ClInclude>
    <ClInclude Include="openssl-1.1.1k\include\openssl\dsaerr.h">
      <Filter>头文件</Filter>
    </ClInclude>
    <ClInclude Include="openssl-1.1.1k\include\openssl\dtls1.h">
      <Filter>头文件</Filter>
    </ClInclude>
    <ClInclude Include="openssl-1.1.1k\include\openssl\e_os2.h">
      <Filter>头文件</Filter>
    </ClInclude>
    <ClInclude Include="openssl-1.1.1k\include\openssl\ebcdic.h">
      <Filter>头文件</Filter>
    </ClInclude>
    <ClInclude Include="openssl-1.1.1k\include\openssl\ec.h">
      <Filter>头文件</Filter>
    </ClInclude>
    <ClInclude Include="openssl-1.1.1k\include\openssl\ecdh.h">
      <Filter>头文件</Filter>
    </ClInclude>
    <ClInclude Include="openssl-1.1.1k\include\openssl\ecdsa.h">
      <Filter>头文件</Filter>
    </ClInclude>
    <ClInclude Include="openssl-1.1.1k\include\openssl\ecerr.h">
      <Filter>头文件</Filter>
    </ClInclude>
    <ClInclude Include="openssl-1.1.1k\include\openssl\engine.h">
      <Filter>头文件</Filter>
    </ClInclude>
    <ClInclude Include="openssl-1.1.1k\include\openssl\engineerr.h">
      <Filter>头文件</Filter>
    </ClInclude>
    <ClInclude Include="openssl-1.1.1k\include\openssl\err.h">
      <Filter>头文件</Filter>
    </ClInclude>
    <ClInclude Include="openssl-1.1.1k\include\openssl\evp.h">
      <Filter>头文件</Filter>
    </ClInclude>
    <ClInclude Include="openssl-1.1.1k\include\openssl\evperr.h">
      <Filter>头文件</Filter>
    </ClInclude>
    <ClInclude Include="openssl-1.1.1k\include\openssl\hmac.h">
      <Filter>头文件</Filter>
    </ClInclude>
    <ClInclude Include="openssl-1.1.1k\include\openssl\idea.h">
      <Filter>头文件</Filter>
    </ClInclude>
    <ClInclude Include="openssl-1.1.1k\include\openssl\kdf.h">
      <Filter>头文件</Filter>
    </ClInclude>
    <ClInclude Include="openssl-1.1.1k\include\openssl\kdferr.h">
      <Filter>头文件</Filter>
    </ClInclude>
    <ClInclude Include="openssl-1.1.1k\include\openssl\lhash.h">
      <Filter>头文件</Filter>
    </ClInclude>
    <ClInclude Include="openssl-1.1.1k\include\openssl\md2.h">
      <Filter>头文件</Filter>
    </ClInclude>
    <ClInclude Include="openssl-1.1.1k\include\openssl\md4.h">
      <Filter>头文件</Filter>
    </ClInclude>
    <ClInclude Include="openssl-1.1.1k\include\openssl\md5.h">
      <Filter>头文件</Filter>
    </ClInclude>
    <ClInclude Include="openssl-1.1.1k\include\openssl\mdc2.h">
      <Filter>头文件</Filter>
    </ClInclude>
    <ClInclude Include="openssl-1.1.1k\include\openssl\modes.h">
      <Filter>头文件</Filter>
    </ClInclude>
    <ClInclude Include="openssl-1.1.1k\include\openssl\obj_mac.h">
      <Filter>头文件</Filter>
    </ClInclude>
    <ClInclude Include="openssl-1.1.1k\include\openssl\objects.h">
      <Filter>头文件</Filter>
    </ClInclude>
    <ClInclude Include="openssl-1.1.1k\include\openssl\objectserr.h">
      <Filter>头文件</Filter>
    </ClInclude>
    <ClInclude Include="openssl-1.1.1k\include\openssl\ocsp.h">
      <Filter>头文件</Filter>
    </ClInclude>
    <ClInclude Include="openssl-1.1.1k\include\openssl\ocsperr.h">
      <Filter>头文件</Filter>
    </ClInclude>
    <ClInclude Include="openssl-1.1.1k\include\openssl\opensslv.h">
      <Filter>头文件</Filter>
    </ClInclude>
    <ClInclude Include="openssl-1.1.1k\include\openssl\ossl_typ.h">
      <Filter>头文件</Filter>
    </ClInclude>
    <ClInclude Include="openssl-1.1.1k\include\openssl\pem.h">
      <Filter>头文件</Filter>
    </ClInclude>
    <ClInclude Include="openssl-1.1.1k\include\openssl\pem2.h">
      <Filter>头文件</Filter>
    </ClInclude>
    <ClInclude Include="openssl-1.1.1k\include\openssl\pemerr.h">
      <Filter>头文件</Filter>
    </ClInclude>
    <ClInclude Include="openssl-1.1.1k\include\openssl\pkcs7.h">
      <Filter>头文件</Filter>
    </ClInclude>
    <ClInclude Include="openssl-1.1.1k\include\openssl\pkcs7err.h">
      <Filter>头文件</Filter>
    </ClInclude>
    <ClInclude Include="openssl-1.1.1k\include\openssl\pkcs12.h">
      <Filter>头文件</Filter>
    </ClInclude>
    <ClInclude Include="openssl-1.1.1k\include\openssl\pkcs12err.h">
      <Filter>头文件</Filter>
    </ClInclude>
    <ClInclude Include="openssl-1.1.1k\include\openssl\rand.h">
      <Filter>头文件</Filter>
    </ClInclude>
    <ClInclude Include="openssl-1.1.1k\include\openssl\rand_drbg.h">
      <Filter>头文件</Filter>
    </ClInclude>
    <ClInclude Include="openssl-1.1.1k\include\openssl\randerr.h">
      <Filter>头文件</Filter>
    </ClInclude>
    <ClInclude Include="openssl-1.1.1k\include\openssl\rc2.h">
      <Filter>头文件</Filter>
    </ClInclude>
    <ClInclude Include="openssl-1.1.1k\include\openssl\rc4.h">
      <Filter>头文件</Filter>
    </ClInclude>
    <ClInclude Include="openssl-1.1.1k\include\openssl\rc5.h">
      <Filter>头文件</Filter>
    </ClInclude>
    <ClInclude Include="openssl-1.1.1k\include\openssl\ripemd.h">
      <Filter>头文件</Filter>
    </ClInclude>
    <ClInclude Include="openssl-1.1.1k\include\openssl\rsa.h">
      <Filter>头文件</Filter>
    </ClInclude>
    <ClInclude Include="openssl-1.1.1k\include\openssl\rsaerr.h">
      <Filter>头文件</Filter>
    </ClInclude>
    <ClInclude Include="openssl-1.1.1k\include\openssl\safestack.h">
      <Filter>头文件</Filter>
    </ClInclude>
    <ClInclude Include="openssl-1.1.1k\include\openssl\seed.h">
      <Filter>头文件</Filter>
    </ClInclude>
    <ClInclude Include="openssl-1.1.1k\include\openssl\sha.h">
      <Filter>头文件</Filter>
    </ClInclude>
    <ClInclude Include="openssl-1.1.1k\include\openssl\srp.h">
      <Filter>头文件</Filter>
    </ClInclude>
    <ClInclude Include="openssl-1.1.1k\include\openssl\srtp.h">
      <Filter>头文件</Filter>
    </ClInclude>
    <ClInclude Include="openssl-1.1.1k\include\openssl\ssl.h">
      <Filter>头文件</Filter>
    </ClInclude>
    <ClInclude Include="openssl-1.1.1k\include\openssl\ssl2.h">
      <Filter>头文件</Filter>
    </ClInclude>
    <ClInclude Include="openssl-1.1.1k\include\openssl\ssl3.h">
      <Filter>头文件</Filter>
    </ClInclude>
    <ClInclude Include="openssl-1.1.1k\include\openssl\sslerr.h">
      <Filter>头文件</Filter>
    </ClInclude>
    <ClInclude Include="openssl-1.1.1k\include\openssl\stack.h">
      <Filter>头文件</Filter>
    </ClInclude>
    <ClInclude Include="openssl-1.1.1k\include\openssl\store.h">
      <Filter>头文件</Filter>
    </ClInclude>
    <ClInclude Include="openssl-1.1.1k\include\openssl\storeerr.h">
      <Filter>头文件</Filter>
    </ClInclude>
    <ClInclude Include="openssl-1.1.1k\include\openssl\symhacks.h">
      <Filter>头文件</Filter>
    </ClInclude>
    <ClInclude Include="openssl-1.1.1k\include\openssl\tls1.h">
      <Filter>头文件</Filter>
    </ClInclude>
    <ClInclude Include="openssl-1.1.1k\include\openssl\ts.h">
      <Filter>头文件</Filter>
    </ClInclude>
    <ClInclude Include="openssl-1.1.1k\include\openssl\tserr.h">
      <Filter>头文件</Filter>
    </ClInclude>
    <ClInclude Include="openssl-1.1.1k\include\openssl\txt_db.h">
      <Filter>头文件</Filter>
    </ClInclude>
    <ClInclude Include="openssl-1.1.1k\include\openssl\ui.h">
      <Filter>头文件</Filter>
    </ClInclude>
    <ClInclude Include="openssl-1.1.1k\include\openssl\uierr.h">
      <Filter>头文件</Filter>
    </ClInclude>
    <ClInclude Include="openssl-1.1.1k\include\openssl\whrlpool.h">
      <Filter>头文件</Filter>
    </ClInclude>
    <ClInclude Include="openssl-1.1.1k\include\openssl\x509.h">
      <Filter>头文件</Filter>
    </ClInclude>
    <ClInclude Include="openssl-1.1.1k\include\openssl\x509_vfy.h">
      <Filter>头文件</Filter>
    </ClInclude>
    <ClInclude Include="openssl-1.1.1k\include\openssl\x509err.h">
      <Filter>头文件</Filter>
    </ClInclude>
    <ClInclude Include="openssl-1.1.1k\include\openssl\x509v3.h">
      <Filter>头文件</Filter>
    </ClInclude>
    <ClInclude Include="openssl-1.1.1k\include\openssl\x509v3err.h">
      <Filter>头文件</Filter>
    </ClInclude>
    <ClInclude Include="openssl-1.1.1k\ms\uplink.h">
      <Filter>头文件</Filter>
    </ClInclude>
    <ClInclude Include="openssl-1.1.1k\os-dep\haiku.h">
      <Filter>头文件</Filter>
    </ClInclude>
    <ClInclude Include="openssl-1.1.1k\ssl\record\record.h">
      <Filter>头文件</Filter>
    </ClInclude>
    <ClInclude Include="openssl-1.1.1k\ssl\record\record_local.h">
      <Filter>头文件</Filter>
    </ClInclude>
    <ClInclude Include="openssl-1.1.1k\ssl\statem\statem.h">
      <Filter>头文件</Filter>
    </ClInclude>
    <ClInclude Include="openssl-1.1.1k\ssl\statem\statem_local.h">
      <Filter>头文件</Filter>
    </ClInclude>
    <ClInclude Include="openssl-1.1.1k\ssl\packet_local.h">
      <Filter>头文件</Filter>
    </ClInclude>
    <ClInclude Include="openssl-1.1.1k\ssl\ssl_cert_table.h">
      <Filter>头文件</Filter>
    </ClInclude>
    <ClInclude Include="openssl-1.1.1k\ssl\ssl_local.h">
      <Filter>头文件</Filter>
    </ClInclude>
    <ClInclude Include="md5\md5.h">
      <Filter>头文件</Filter>
    </ClInclude>
    <ClInclude Include="runner.h">
      <Filter>头文件</Filter>
    </ClInclude>
    <ClInclude Include="debug.h">
      <Filter>头文件</Filter>
    </ClInclude>
    <ClInclude Include="pcre2-10.37\sljit\sljitConfig.h">
      <Filter>头文件</Filter>
    </ClInclude>
    <ClInclude Include="pcre2-10.37\sljit\sljitConfigInternal.h">
      <Filter>头文件</Filter>
    </ClInclude>
    <ClInclude Include="pcre2-10.37\sljit\sljitLir.h">
      <Filter>头文件</Filter>
    </ClInclude>
    <ClInclude Include="pcre2-10.37\pcre2_internal.h">
      <Filter>头文件</Filter>
    </ClInclude>
    <ClInclude Include="pcre2-10.37\pcre2_intmodedep.h">
      <Filter>头文件</Filter>
    </ClInclude>
    <ClInclude Include="pcre2-10.37\pcre2_jit_neon_inc.h">
      <Filter>头文件</Filter>
    </ClInclude>
    <ClInclude Include="pcre2-10.37\pcre2_jit_simd_inc.h">
      <Filter>头文件</Filter>
    </ClInclude>
    <ClInclude Include="pcre2-10.37\pcre2_ucp.h">
      <Filter>头文件</Filter>
    </ClInclude>
    <ClInclude Include="pcre2-10.37\config.h">
      <Filter>头文件</Filter>
    </ClInclude>
    <ClInclude Include="pcre2-10.37\pcre2.h">
      <Filter>头文件</Filter>
    </ClInclude>
  </ItemGroup>
  <ItemGroup>
    <ResourceCompile Include="Project1.rc">
      <Filter>资源文件</Filter>
    </ResourceCompile>
  </ItemGroup>
  <ItemGroup>
    <None Include="Project1.aps" />
    <None Include="openssl-1.1.1k\fuzz\rand.inc">
      <Filter>头文件</Filter>
    </None>
  </ItemGroup>
  <ItemGroup>
    <ClCompile Include="md5\md5.cpp">
      <Filter>源文件</Filter>
    </ClCompile>
    <ClCompile Include="cJSON-1.7.14\cJSON.c">
      <Filter>源文件</Filter>
    </ClCompile>
    <ClCompile Include="cJSON-1.7.14\cJSON_Utils.c">
      <Filter>源文件</Filter>
    </ClCompile>
    <ClCompile Include="wingetopt-0.95\getopt.c">
      <Filter>源文件</Filter>
    </ClCompile>
    <ClCompile Include="zlib-1.2.11\adler32.c">
      <Filter>源文件</Filter>
    </ClCompile>
    <ClCompile Include="zlib-1.2.11\compress.c">
      <Filter>源文件</Filter>
    </ClCompile>
    <ClCompile Include="zlib-1.2.11\crc32.c">
      <Filter>源文件</Filter>
    </ClCompile>
    <ClCompile Include="zlib-1.2.11\deflate.c">
      <Filter>源文件</Filter>
    </ClCompile>
    <ClCompile Include="zlib-1.2.11\gzclose.c">
      <Filter>源文件</Filter>
    </ClCompile>
    <ClCompile Include="zlib-1.2.11\gzread.c">
      <Filter>源文件</Filter>
    </ClCompile>
    <ClCompile Include="zlib-1.2.11\gzwrite.c">
      <Filter>源文件</Filter>
    </ClCompile>
    <ClCompile Include="zlib-1.2.11\gzlib.c">
      <Filter>源文件</Filter>
    </ClCompile>
    <ClCompile Include="zlib-1.2.11\infback.c">
      <Filter>源文件</Filter>
    </ClCompile>
    <ClCompile Include="zlib-1.2.11\inffast.c">
      <Filter>源文件</Filter>
    </ClCompile>
    <ClCompile Include="zlib-1.2.11\inflate.c">
      <Filter>源文件</Filter>
    </ClCompile>
    <ClCompile Include="zlib-1.2.11\inftrees.c">
      <Filter>源文件</Filter>
    </ClCompile>
    <ClCompile Include="zlib-1.2.11\trees.c">
      <Filter>源文件</Filter>
    </ClCompile>
    <ClCompile Include="zlib-1.2.11\uncompr.c">
      <Filter>源文件</Filter>
    </ClCompile>
    <ClCompile Include="zlib-1.2.11\zutil.c">
      <Filter>源文件</Filter>
    </ClCompile>
    <ClCompile Include="archive.cpp">
      <Filter>源文件</Filter>
    </ClCompile>
    <ClCompile Include="dir_utils.cpp">
      <Filter>源文件</Filter>
    </ClCompile>
    <ClCompile Include="env.cpp">
      <Filter>源文件</Filter>
    </ClCompile>
    <ClCompile Include="magic.cpp">
      <Filter>源文件</Filter>
    </ClCompile>
    <ClCompile Include="Project1.cpp">
      <Filter>源文件</Filter>
    </ClCompile>
    <ClCompile Include="utils.cpp">
      <Filter>源文件</Filter>
    </ClCompile>
    <ClCompile Include="wrapper.cpp">
      <Filter>源文件</Filter>
    </ClCompile>
    <ClCompile Include="runner.cpp">
      <Filter>源文件</Filter>
    </ClCompile>
    <ClCompile Include="debug.cpp">
      <Filter>源文件</Filter>
    </ClCompile>
  </ItemGroup>
</Project>